PODS:
  - Alamofire (5.4.3)
  - Gifu (3.3.1)
  - RxCocoa (6.2.0):
    - RxRelay (= 6.2.0)
    - RxSwift (= 6.2.0)
  - RxRelay (6.2.0):
    - RxSwift (= 6.2.0)
  - RxSwift (6.2.0)
  - SDWebImage (5.11.1):
    - SDWebImage/Core (= 5.11.1)
  - SDWebImage/Core (5.11.1)
  - SnapKit (5.0.1)
  - SwiftyGif (5.4.0)
  - SwiftyJSON (5.0.1)

DEPENDENCIES:
  - Alamofire (~> 5.0)
  - Gifu
  - RxCocoa
  - RxSwift
  - SDWebImage
  - SnapKit
  - SwiftyGif
  - SwiftyJSON

SPEC REPOS:
  trunk:
    - Alamofire
    - Gifu
    - RxCocoa
    - RxRelay
    - RxSwift
    - SDWebImage
    - SnapKit
    - SwiftyGif
    - SwiftyJSON

SPEC CHECKSUMS:
  Alamofire: e447a2774a40c996748296fa2c55112fdbbc42f9
  Gifu: 416d4e38c4c2fed012f019e0a1d3ffcb58e5b842
  RxCocoa: 4baf94bb35f2c0ab31bc0cb9f1900155f646ba42
  RxRelay: e72dbfd157807478401ef1982e1c61c945c94b2f
  RxSwift: d356ab7bee873611322f134c5f9ef379fa183d8f
  SDWebImage: a7f831e1a65eb5e285e3fb046a23fcfbf08e696d
  SnapKit: 97b92857e3df3a0c71833cce143274bf6ef8e5eb
  SwiftyGif: 5d4af95df24caf1c570dbbcb32a3b8a0763bc6d7
  SwiftyJSON: 2f33a42c6fbc52764d96f13368585094bfd8aa5e

PODFILE CHECKSUM: e261544f007a5645fbf596f4b8ed0fa8c2ff7ad0

COCOAPODS: 1.10.1
